{
  "name": "familienduell-client",
  "version": "1.0.0",
  "lockfileVersion": 3,
  "requires": true,
  "packages": {
    "": {
      "name": "familienduell-client",
      "version": "1.0.0",
      "dependencies": {
        "jquery": "^1.11.3",
        "jquery-ui": "^1.10.4"
      }
    },
    "node_modules/jquery": {
      "version": "1.11.3",
      "resolved": "https://registry.npmjs.org/jquery/-/jquery-1.11.3.tgz",
      "integrity": "sha512-pHM/XLofp0FJc0/0AsRm8q/5ob+a1kno+vfclXGozaMBPv3qD7Xq19loECVcBB4MOLdygnyneQMPTsH5QiVNBQ=="
    },
    "node_modules/jquery-ui": {
      "version": "1.10.4",
      "resolved": "https://registry.npmjs.org/jquery-ui/-/jquery-ui-1.10.4.tgz",
      "integrity": "sha512-VdBz+azK9w7aLfrynqRjhDClgKF57L5fOcj6xDRar/PC0F/WFVD2a5Rfp1W15NYa2kkAvKp1YzAd2/lnGlmOmw=="
    }
  }
}
